
Microsoft Visual Studio Solution File, Format Version 12.00
# Visual Studio 15
VisualStudioVersion = 15.0.28307.705
MinimumVisualStudioVersion = 10.0.40219.1
Project("{FAE04EC0-301F-11D3-BF4B-00C04F79EFBC}") = "EWSD-COMP1640", "EWSD-COMP1640\EWSD-COMP1640.csproj", "{0120A301-5D8D-4BC7-AE0E-E29472300A76}"
EndProject
Global
	GlobalSection(SolutionConfigurationPlatforms) = preSolution
		Debug|Any CPU = Debug|Any CPU
		Release|Any CPU = Release|Any CPU
	EndGlobalSection
	GlobalSection(ProjectConfigurationPlatforms) = postSolution
		{0120A301-5D8D-4BC7-AE0E-E29472300A76}.Debug|Any CPU.ActiveCfg = Debug|Any CPU
		{0120A301-5D8D-4BC7-AE0E-E29472300A76}.Debug|Any CPU.Build.0 = Debug|Any CPU
		{0120A301-5D8D-4BC7-AE0E-E29472300A76}.Release|Any CPU.ActiveCfg = Release|Any CPU
		{0120A301-5D8D-4BC7-AE0E-E29472300A76}.Release|Any CPU.Build.0 = Release|Any CPU
	EndGlobalSection
	GlobalSection(SolutionProperties) = preSolution
		HideSolutionNode = FALSE
	EndGlobalSection
	GlobalSection(ExtensibilityGlobals) = postSolution
		SolutionGuid = {D72B70E4-56DE-44FE-ADA2-13546C27C48E}
	EndGlobalSection
EndGlobal
